
Microsoft Visual Studio Solution File, Format Version 12.00
# Visual Studio 14
VisualStudioVersion = 14.0.25420.1
MinimumVisualStudioVersion = 10.0.40219.1
Project("{FAE04EC0-301F-11D3-BF4B-00C04F79EFBC}") = "AppSeguroPopularHidalgo.iOS", "AppSeguroPopularHidalgo\AppSeguroPopularHidalgo.iOS\AppSeguroPopularHidalgo.iOS.csproj", "{02C6CD60-59C6-41F3-BA7C-1AC792B72832}"
EndProject
Project("{FAE04EC0-301F-11D3-BF4B-00C04F79EFBC}") = "AppSeguroPopularHidalgo", "AppSeguroPopularHidalgo\AppSeguroPopularHidalgo\AppSeguroPopularHidalgo.csproj", "{042F0706-8E86-4F27-95F1-FE62F6D7FA44}"
EndProject
Global
	GlobalSection(SolutionConfigurationPlatforms) = preSolution
		Debug|Any CPU = Debug|Any CPU
		Debug|iPhone = Debug|iPhone
		Debug|iPhoneSimulator = Debug|iPhoneSimulator
		Release|Any CPU = Release|Any CPU
		Release|iPhone = Release|iPhone
		Release|iPhoneSimulator = Release|iPhoneSimulator
	EndGlobalSection
	GlobalSection(ProjectConfigurationPlatforms) = postSolution
		{02C6CD60-59C6-41F3-BA7C-1AC792B72832}.Debug|Any CPU.ActiveCfg = Debug|iPhone
		{02C6CD60-59C6-41F3-BA7C-1AC792B72832}.Debug|iPhone.ActiveCfg = Debug|iPhone
		{02C6CD60-59C6-41F3-BA7C-1AC792B72832}.Debug|iPhone.Build.0 = Debug|iPhone
		{02C6CD60-59C6-41F3-BA7C-1AC792B72832}.Debug|iPhoneSimulator.ActiveCfg = Debug|iPhoneSimulator
		{02C6CD60-59C6-41F3-BA7C-1AC792B72832}.Debug|iPhoneSimulator.Build.0 = Debug|iPhoneSimulator
		{02C6CD60-59C6-41F3-BA7C-1AC792B72832}.Release|Any CPU.ActiveCfg = Release|iPhone
		{02C6CD60-59C6-41F3-BA7C-1AC792B72832}.Release|iPhone.ActiveCfg = Release|iPhone
		{02C6CD60-59C6-41F3-BA7C-1AC792B72832}.Release|iPhone.Build.0 = Release|iPhone
		{02C6CD60-59C6-41F3-BA7C-1AC792B72832}.Release|iPhoneSimulator.ActiveCfg = Release|iPhoneSimulator
		{02C6CD60-59C6-41F3-BA7C-1AC792B72832}.Release|iPhoneSimulator.Build.0 = Release|iPhoneSimulator
		{02C6CD60-59C6-41F3-BA7C-1AC792B72832}.Debug|Any CPU.Build.0 = Debug|iPhone
		{042F0706-8E86-4F27-95F1-FE62F6D7FA44}.Debug|Any CPU.ActiveCfg = Debug|Any CPU
		{042F0706-8E86-4F27-95F1-FE62F6D7FA44}.Debug|Any CPU.Build.0 = Debug|Any CPU
		{042F0706-8E86-4F27-95F1-FE62F6D7FA44}.Debug|iPhone.ActiveCfg = Debug|Any CPU
		{042F0706-8E86-4F27-95F1-FE62F6D7FA44}.Debug|iPhone.Build.0 = Debug|Any CPU
		{042F0706-8E86-4F27-95F1-FE62F6D7FA44}.Debug|iPhoneSimulator.ActiveCfg = Debug|Any CPU
		{042F0706-8E86-4F27-95F1-FE62F6D7FA44}.Debug|iPhoneSimulator.Build.0 = Debug|Any CPU
		{042F0706-8E86-4F27-95F1-FE62F6D7FA44}.Release|Any CPU.ActiveCfg = Release|Any CPU
		{042F0706-8E86-4F27-95F1-FE62F6D7FA44}.Release|Any CPU.Build.0 = Release|Any CPU
		{042F0706-8E86-4F27-95F1-FE62F6D7FA44}.Release|iPhone.ActiveCfg = Release|Any CPU
		{042F0706-8E86-4F27-95F1-FE62F6D7FA44}.Release|iPhone.Build.0 = Release|Any CPU
		{042F0706-8E86-4F27-95F1-FE62F6D7FA44}.Release|iPhoneSimulator.ActiveCfg = Release|Any CPU
		{042F0706-8E86-4F27-95F1-FE62F6D7FA44}.Release|iPhoneSimulator.Build.0 = Release|Any CPU
	EndGlobalSection
	GlobalSection(SolutionProperties) = preSolution
		HideSolutionNode = FALSE
	EndGlobalSection
	GlobalSection(TeamFoundationVersionControl) = preSolution
		SccNumberOfProjects = 3
		SccEnterpriseProvider = {4CA58AB2-18FA-4F8D-95D4-32DDF27D184C}
		SccTeamFoundationServer = https://appseguropopular.visualstudio.com/
		SccLocalPath0 = .
		SccProjectUniqueName1 = AppSeguroPopularHidalgo\\AppSeguroPopularHidalgo.iOS\\AppSeguroPopularHidalgo.iOS.csproj
		SccProjectName1 = AppSeguroPopularHidalgo/AppSeguroPopularHidalgo.iOS
		SccLocalPath1 = AppSeguroPopularHidalgo\\AppSeguroPopularHidalgo.iOS
		SccProjectUniqueName2 = AppSeguroPopularHidalgo\\AppSeguroPopularHidalgo\\AppSeguroPopularHidalgo.csproj
		SccProjectName2 = AppSeguroPopularHidalgo/AppSeguroPopularHidalgo
		SccLocalPath2 = AppSeguroPopularHidalgo\\AppSeguroPopularHidalgo
	EndGlobalSection
EndGlobal
